
Microsoft Visual Studio Solution File, Format Version 12.00
# Visual Studio 2013
VisualStudioVersion = 12.0.31101.0
MinimumVisualStudioVersion = 10.0.40219.1
Project("{FAE04EC0-301F-11D3-BF4B-00C04F79EFBC}") = "AzureBlobStorage", "AzureBlobStorage\AzureBlobStorage.csproj", "{BE1DDE34-FA07-4F00-B68E-1133FBA770B0}"
EndProject
Project("{2150E333-8FDC-42A3-9474-1A3956D46DE8}") = "PublishScripts", "PublishScripts", "{0361B255-54C6-45EE-AE57-BE2CF5E6CF42}"
	ProjectSection(SolutionItems) = preProject
		PublishScripts\AzureWebsitePublishModule.psm1 = PublishScripts\AzureWebsitePublishModule.psm1
		PublishScripts\Publish-WebApplicationWebsite.ps1 = PublishScripts\Publish-WebApplicationWebsite.ps1
	EndProjectSection
EndProject
Project("{2150E333-8FDC-42A3-9474-1A3956D46DE8}") = "Configurations", "Configurations", "{E1BBBD1D-B548-401E-B67C-CE9F9F61F2F4}"
	ProjectSection(SolutionItems) = preProject
		PublishScripts\Configurations\AzureBlobStorage-WAWS-dev.json = PublishScripts\Configurations\AzureBlobStorage-WAWS-dev.json
	EndProjectSection
EndProject
Global
	GlobalSection(SolutionConfigurationPlatforms) = preSolution
		Debug|Any CPU = Debug|Any CPU
		Release|Any CPU = Release|Any CPU
	EndGlobalSection
	GlobalSection(ProjectConfigurationPlatforms) = postSolution
		{BE1DDE34-FA07-4F00-B68E-1133FBA770B0}.Debug|Any CPU.ActiveCfg = Debug|Any CPU
		{BE1DDE34-FA07-4F00-B68E-1133FBA770B0}.Debug|Any CPU.Build.0 = Debug|Any CPU
		{BE1DDE34-FA07-4F00-B68E-1133FBA770B0}.Release|Any CPU.ActiveCfg = Release|Any CPU
		{BE1DDE34-FA07-4F00-B68E-1133FBA770B0}.Release|Any CPU.Build.0 = Release|Any CPU
	EndGlobalSection
	GlobalSection(SolutionProperties) = preSolution
		HideSolutionNode = FALSE
	EndGlobalSection
	GlobalSection(NestedProjects) = preSolution
		{E1BBBD1D-B548-401E-B67C-CE9F9F61F2F4} = {0361B255-54C6-45EE-AE57-BE2CF5E6CF42}
	EndGlobalSection
EndGlobal
